
Microsoft Visual Studio Solution File, Format Version 12.00
# Visual Studio Version 17
VisualStudioVersion = 17.3.32901.215
MinimumVisualStudioVersion = 10.0.40219.1
Project("{FAE04EC0-301F-11D3-BF4B-00C04F79EFBC}") = "PrimeiroWFSQL", "PrimeiroWFSQL\PrimeiroWFSQL.csproj", "{B181BDAA-3449-4CB3-B7F0-141C908129CE}"
EndProject
Global
	GlobalSection(SolutionConfigurationPlatforms) = preSolution
		Debug|Any CPU = Debug|Any CPU
		Release|Any CPU = Release|Any CPU
	EndGlobalSection
	GlobalSection(ProjectConfigurationPlatforms) = postSolution
		{B181BDAA-3449-4CB3-B7F0-141C908129CE}.Debug|Any CPU.ActiveCfg = Debug|Any CPU
		{B181BDAA-3449-4CB3-B7F0-141C908129CE}.Debug|Any CPU.Build.0 = Debug|Any CPU
		{B181BDAA-3449-4CB3-B7F0-141C908129CE}.Release|Any CPU.ActiveCfg = Release|Any CPU
		{B181BDAA-3449-4CB3-B7F0-141C908129CE}.Release|Any CPU.Build.0 = Release|Any CPU
	EndGlobalSection
	GlobalSection(SolutionProperties) = preSolution
		HideSolutionNode = FALSE
	EndGlobalSection
	GlobalSection(ExtensibilityGlobals) = postSolution
		SolutionGuid = {5059A326-91B5-4C68-AF58-F2DA2D1F864F}
	EndGlobalSection
EndGlobal
