
Microsoft Visual Studio Solution File, Format Version 12.00
# Visual Studio Version 17
VisualStudioVersion = 17.3.32901.215
MinimumVisualStudioVersion = 10.0.40219.1
Project("{FAE04EC0-301F-11D3-BF4B-00C04F79EFBC}") = "Desafio1", "Desafio1\Desafio1.csproj", "{1D6002D4-8D16-429A-BB30-85B85360C23E}"
EndProject
Global
	GlobalSection(SolutionConfigurationPlatforms) = preSolution
		Debug|Any CPU = Debug|Any CPU
		Release|Any CPU = Release|Any CPU
	EndGlobalSection
	GlobalSection(ProjectConfigurationPlatforms) = postSolution
		{1D6002D4-8D16-429A-BB30-85B85360C23E}.Debug|Any CPU.ActiveCfg = Debug|Any CPU
		{1D6002D4-8D16-429A-BB30-85B85360C23E}.Debug|Any CPU.Build.0 = Debug|Any CPU
		{1D6002D4-8D16-429A-BB30-85B85360C23E}.Release|Any CPU.ActiveCfg = Release|Any CPU
		{1D6002D4-8D16-429A-BB30-85B85360C23E}.Release|Any CPU.Build.0 = Release|Any CPU
	EndGlobalSection
	GlobalSection(SolutionProperties) = preSolution
		HideSolutionNode = FALSE
	EndGlobalSection
	GlobalSection(ExtensibilityGlobals) = postSolution
		SolutionGuid = {4C437D7D-4957-4663-8127-8D9A0C1524D9}
	EndGlobalSection
EndGlobal
